
Microsoft Visual Studio Solution File, Format Version 12.00
# Visual Studio Version 17
VisualStudioVersion = 17.14.36511.14 d17.14
MinimumVisualStudioVersion = 10.0.40219.1
Project("{FAE04EC0-301F-11D3-BF4B-00C04F79EFBC}") = "CSPDLAB5", "CSPDLAB5\CSPDLAB5.csproj", "{B308B70A-CD92-48D8-A999-69301232DB17}"
EndProject
Global
	GlobalSection(SolutionConfigurationPlatforms) = preSolution
		Debug|Any CPU = Debug|Any CPU
		Release|Any CPU = Release|Any CPU
	EndGlobalSection
	GlobalSection(ProjectConfigurationPlatforms) = postSolution
		{B308B70A-CD92-48D8-A999-69301232DB17}.Debug|Any CPU.ActiveCfg = Debug|Any CPU
		{B308B70A-CD92-48D8-A999-69301232DB17}.Debug|Any CPU.Build.0 = Debug|Any CPU
		{B308B70A-CD92-48D8-A999-69301232DB17}.Release|Any CPU.ActiveCfg = Release|Any CPU
		{B308B70A-CD92-48D8-A999-69301232DB17}.Release|Any CPU.Build.0 = Release|Any CPU
	EndGlobalSection
	GlobalSection(SolutionProperties) = preSolution
		HideSolutionNode = FALSE
	EndGlobalSection
	GlobalSection(ExtensibilityGlobals) = postSolution
		SolutionGuid = {B0FD7B41-A18F-401E-9210-334C6FAAC82A}
	EndGlobalSection
EndGlobal
